bitty 0.1.4 https://github.com/treeform/bitty/ dfe688486351fad159aa54104af6b8b4a3247bde
boxy 0.7.0 https://github.com/treeform/boxy f064ead838dbf980a520c827bc0fb600b8ea2364
bumpy 1.1.3 https://github.com/treeform/bumpy dc9a3d6d15680ec7f603959d65ba8ee4f1ddbc72
chroma 1.0.0 https://github.com/treeform/chroma 2381748f92e5ea16cb2403ff7e20c6dd5443a59d
cligen 1.9.3 https://github.com/c-blake/cligen.git bb10deea8139313d2d223dd7e05ab4a4efd21528
crunchy 0.1.11 https://github.com/guzba/crunchy 98eb6526982bb8aae8eec6e8781f4539fa19e049
fidget2 0.1.2 https://github.com/treeform/fidget2 001934071a9a97b90fbf47fefe18d27a737a0b32
flatty 0.3.4 https://github.com/treeform/flatty 05d878b397933331966a7f80dd0c55664559201f
genny 0.1.1 https://github.com/treeform/genny 8c69fa6fc52ee3936a528aece84e8385509a6f99
jsony 1.1.5 https://github.com/treeform/jsony c081acd7f6af1ecadfca6ccba633a339cc6c80cd
libcurl 1.0.0 https://github.com/Araq/libcurl 7a420498f60a31d99fc8513886ce36c4e8c3a4ae
nimsimd 1.3.2 https://github.com/guzba/nimsimd 3f6b2668ffb0867d0bf786a658b817763e611350
opengl 1.2.9 https://github.com/nim-lang/opengl 8e2e098f82dc5eefd874488c37b5830233cd18f4
pixie 5.1.0 https://github.com/treeform/pixie 5eda4949a3c8bea318cfac8e42060a8f90f3f35d
puppy 2.1.2 https://github.com/treeform/puppy 700044e8baa1d33b58847f4f6c13224d6a964867
shady 0.1.4 https://github.com/treeform/shady 002fa141db0f0ecfd43b177a3ccf8df8011427b9
silky 0.0.1 https://github.com/treeform/silky 2931f149268543c90bdeffa05066442bee3b7631
urlly 1.1.1 https://github.com/treeform/urlly 99784779f05649df25fd9c33003d8ef6de027345
vmath 2.0.1 https://github.com/treeform/vmath b1cb7ec85f6e7690cf1261227cd2d552275e3e53
webby 0.2.1 https://github.com/treeform/webby/ 55a2c03abbd32abf4775712c1959d975dc982549
windy 0.4.4 https://github.com/treeform/windy 45b7fbb15846dbd0c2b92c0c63b23828f341ecb6
ws 0.5.0 https://github.com/treeform/ws cbb8f763b436669392d10baec2a45778395395cc
zippy 0.10.16 https://github.com/guzba/zippy a99f6a7d8a8e3e0213b3cad0daf0ea974bf58e3f
supersnappy 2.1.3 https://github.com/guzba/supersnappy ff8fe2bffefc1f4edc15deb20d921f600babb8c4
